
Microsoft Visual Studio Solution File, Format Version 11.00
# Visual Studio 2010
Project("{FAE04EC0-301F-11D3-BF4B-00C04F79EFBC}") = "QES", "QuercusEventSystem\QES.csproj", "{9A44ED0F-681C-4E98-9DD9-35D7159034CC}"
EndProject
Project("{54435603-DBB4-11D2-8724-00A0C9A8B90C}") = "QESServer", "Setup\Setup.vdproj", "{E5860B5F-3F8B-4490-85EA-A2934982ED8E}"
EndProject
Global
	GlobalSection(SolutionConfigurationPlatforms) = preSolution
		Debug|Any CPU = Debug|Any CPU
		Debug|Mixed Platforms = Debug|Mixed Platforms
		Debug|x86 = Debug|x86
		Release|Any CPU = Release|Any CPU
		Release|Mixed Platforms = Release|Mixed Platforms
		Release|x86 = Release|x86
	EndGlobalSection
	GlobalSection(ProjectConfigurationPlatforms) = postSolution
		{9A44ED0F-681C-4E98-9DD9-35D7159034CC}.Debug|Any CPU.ActiveCfg = Debug|x86
		{9A44ED0F-681C-4E98-9DD9-35D7159034CC}.Debug|Mixed Platforms.ActiveCfg = Debug|x86
		{9A44ED0F-681C-4E98-9DD9-35D7159034CC}.Debug|Mixed Platforms.Build.0 = Debug|x86
		{9A44ED0F-681C-4E98-9DD9-35D7159034CC}.Debug|x86.ActiveCfg = Debug|x86
		{9A44ED0F-681C-4E98-9DD9-35D7159034CC}.Debug|x86.Build.0 = Debug|x86
		{9A44ED0F-681C-4E98-9DD9-35D7159034CC}.Release|Any CPU.ActiveCfg = Release|x86
		{9A44ED0F-681C-4E98-9DD9-35D7159034CC}.Release|Mixed Platforms.ActiveCfg = Release|x86
		{9A44ED0F-681C-4E98-9DD9-35D7159034CC}.Release|Mixed Platforms.Build.0 = Release|x86
		{9A44ED0F-681C-4E98-9DD9-35D7159034CC}.Release|x86.ActiveCfg = Release|x86
		{9A44ED0F-681C-4E98-9DD9-35D7159034CC}.Release|x86.Build.0 = Release|x86
		{E5860B5F-3F8B-4490-85EA-A2934982ED8E}.Debug|Any CPU.ActiveCfg = Debug
		{E5860B5F-3F8B-4490-85EA-A2934982ED8E}.Debug|Mixed Platforms.ActiveCfg = Debug
		{E5860B5F-3F8B-4490-85EA-A2934982ED8E}.Debug|x86.ActiveCfg = Debug
		{E5860B5F-3F8B-4490-85EA-A2934982ED8E}.Release|Any CPU.ActiveCfg = Release
		{E5860B5F-3F8B-4490-85EA-A2934982ED8E}.Release|Mixed Platforms.ActiveCfg = Release
		{E5860B5F-3F8B-4490-85EA-A2934982ED8E}.Release|x86.ActiveCfg = Release
	EndGlobalSection
	GlobalSection(SolutionProperties) = preSolution
		HideSolutionNode = FALSE
	EndGlobalSection
EndGlobal
